
Microsoft Visual Studio Solution File, Format Version 12.00
# Visual Studio Version 17
VisualStudioVersion = 17.5.002.0
MinimumVisualStudioVersion = 10.0.40219.1
Project("{9A19103F-16F7-4668-BE54-9A1E7A4F7556}") = "LabN2_dotnet", "LabN2_dotnet.csproj", "{B9484FFC-9651-42FC-AD6D-253FC9F8AE3D}"
EndProject
Global
	GlobalSection(SolutionConfigurationPlatforms) = preSolution
		Debug|Any CPU = Debug|Any CPU
		Release|Any CPU = Release|Any CPU
	EndGlobalSection
	GlobalSection(ProjectConfigurationPlatforms) = postSolution
		{B9484FFC-9651-42FC-AD6D-253FC9F8AE3D}.Debug|Any CPU.ActiveCfg = Debug|Any CPU
		{B9484FFC-9651-42FC-AD6D-253FC9F8AE3D}.Debug|Any CPU.Build.0 = Debug|Any CPU
		{B9484FFC-9651-42FC-AD6D-253FC9F8AE3D}.Release|Any CPU.ActiveCfg = Release|Any CPU
		{B9484FFC-9651-42FC-AD6D-253FC9F8AE3D}.Release|Any CPU.Build.0 = Release|Any CPU
	EndGlobalSection
	GlobalSection(SolutionProperties) = preSolution
		HideSolutionNode = FALSE
	EndGlobalSection
	GlobalSection(ExtensibilityGlobals) = postSolution
		SolutionGuid = {2088E032-BACC-4F3E-9F20-9C6ADEDC89B0}
	EndGlobalSection
EndGlobal
